{
  "name": "thingybase",
  "lockfileVersion": 3,
  "requires": true,
  "packages": {
    "": {
      "name": "thingybase",
      "dependencies": {
        "@hotwired/turbo-rails": "^7.2.4",
        "daisyui": "^5.1.12",
        "local-time": "^2.1.0"
      }
    },
    "node_modules/@hotwired/turbo": {
      "version": "7.3.0",
      "resolved": "https://registry.npmjs.org/@hotwired/turbo/-/turbo-7.3.0.tgz",
      "integrity": "sha512-Dcu+NaSvHLT7EjrDrkEmH4qET2ZJZ5IcCWmNXxNQTBwlnE5tBZfN6WxZ842n5cHV52DH/AKNirbPBtcEXDLW4g==",
      "license": "MIT",
      "engines": {
        "node": ">= 14"
      }
    },
    "node_modules/@hotwired/turbo-rails": {
      "version": "7.3.0",
      "resolved": "https://registry.npmjs.org/@hotwired/turbo-rails/-/turbo-rails-7.3.0.tgz",
      "integrity": "sha512-fvhO64vp/a2UVQ3jue9WTc2JisMv9XilIC7ViZmXAREVwiQ2S4UC7Go8f9A1j4Xu7DBI6SbFdqILk5ImqVoqyA==",
      "license": "MIT",
      "dependencies": {
        "@hotwired/turbo": "^7.3.0",
        "@rails/actioncable": "^7.0"
      }
    },
    "node_modules/@rails/actioncable": {
      "version": "7.2.202",
      "resolved": "https://registry.npmjs.org/@rails/actioncable/-/actioncable-7.2.202.tgz",
      "integrity": "sha512-fJs7s2AsVdGFMYSIWe8OtMipSpoGVNw9XJJFi9SsdykDOQxLR9p5GMHdwWrg45he6WDU4ptIJsZini2xxv7G6g==",
      "license": "MIT"
    },
    "node_modules/daisyui": {
      "version": "5.1.12",
      "resolved": "https://registry.npmjs.org/daisyui/-/daisyui-5.1.12.tgz",
      "integrity": "sha512-wPk6TfH6cPjYFcJIj1Zn2IYjrXLHtKbHD7GesfTDpH86d6Mgy1GTgl8mhKUqpbnVnTUNgkV7L2diPsvOGSpBIw==",
      "license": "MIT",
      "funding": {
        "url": "https://github.com/saadeghi/daisyui?sponsor=1"
      }
    },
    "node_modules/local-time": {
      "version": "2.1.0",
      "resolved": "https://registry.npmjs.org/local-time/-/local-time-2.1.0.tgz",
      "integrity": "sha512-4rB/8EkJIZ8O8Y5q536fSsRbzXOI0cL30l3ZKm4ISPC4D8jYOhRp/MpAaGKAYUvVIqkojT0c7kJk0RlnwtlR2w==",
      "license": "MIT"
    }
  }
}
